// !$*UTF8*$!
{
	archiveVersion = 1;
	classes = {
	};
	objectVersion = 46;
	objects = {

/* Begin PBXFileReference section */
		C62715761ED0909A000AF2D4 /* runtime.c */ = {isa = PBXFileReference; lastKnownFileType = sourcecode.c.c; name = runtime.c; path = ../runtime/runtime.c; sourceTree = "<group>"; };
		C62715771ED0909A000AF2D4 /* runtime.h */ = {isa = PBXFileReference; lastKnownFileType = sourcecode.c.h; name = runtime.h; path = ../runtime/runtime.h; sourceTree = "<group>"; };
/* End PBXFileReference section */

/* Begin PBXGroup section */
		C627156C1ED08EB0000AF2D4 = {
			isa = PBXGroup;
			children = (
				C62715761ED0909A000AF2D4 /* runtime.c */,
				C62715771ED0909A000AF2D4 /* runtime.h */,
			);
			sourceTree = "<group>";
		};
/* End PBXGroup section */

/* Begin PBXProject section */
		C627156D1ED08EB0000AF2D4 /* Project object */ = {
			isa = PBXProject;
			attributes = {
				LastUpgradeCheck = 0730;
			};
			buildConfigurationList = C62715701ED08EB0000AF2D4 /* Build configuration list for PBXProject "jib-osx" */;
			compatibilityVersion = "Xcode 3.2";
			developmentRegion = English;
			hasScannedForEncodings = 0;
			knownRegions = (
				en,
			);
			mainGroup = C627156C1ED08EB0000AF2D4;
			projectDirPath = "";
			projectRoot = "";
			targets = (
			);
		};
/* End PBXProject section */

/* Begin XCBuildConfiguration section */
		C62715711ED08EB0000AF2D4 /* Debug */ = {
			isa = XCBuildConfiguration;
			buildSettings = {
			};
			name = Debug;
		};
		C62715721ED08EB0000AF2D4 /* Release */ = {
			isa = XCBuildConfiguration;
			buildSettings = {
			};
			name = Release;
		};
/* End XCBuildConfiguration section */

/* Begin XCConfigurationList section */
		C62715701ED08EB0000AF2D4 /* Build configuration list for PBXProject "jib-osx" */ = {
			isa = XCConfigurationList;
			buildConfigurations = (
				C62715711ED08EB0000AF2D4 /* Debug */,
				C62715721ED08EB0000AF2D4 /* Release */,
			);
			defaultConfigurationIsVisible = 0;
			defaultConfigurationName = Release;
		};
/* End XCConfigurationList section */
	};
	rootObject = C627156D1ED08EB0000AF2D4 /* Project object */;
}
